// !$*UTF8*$!
{
	archiveVersion = 1;
	classes = {
	};
	objectVersion = 56;
	objects = {

/* Begin PBXBuildFile section */
		4A6127812A0EB5EE00520BD9 /* ColorRingView.swift in Sources */ = {isa = PBXBuildFile; fileRef = 4A6127802A0EB5EE00520BD9 /* ColorRingView.swift */; };
		4A6127832A0EB72500520BD9 /* Control.swift in Sources */ = {isa = PBXBuildFile; fileRef = 4A6127822A0EB72500520BD9 /* Control.swift */; };
		4A6127852A0EBF3600520BD9 /* AppearanceSettingsView.swift in Sources */ = {isa = PBXBuildFile; fileRef = 4A6127842A0EBF3600520BD9 /* AppearanceSettingsView.swift */; };
		4AACCE302A154A650034F261 /* ShakerView.swift in Sources */ = {isa = PBXBuildFile; fileRef = 4AACCE2F2A154A650034F261 /* ShakerView.swift */; };
		4AB5A2242A0BFB1000A9E255 /* MuvicaApp.swift in Sources */ = {isa = PBXBuildFile; fileRef = 4AB5A2232A0BFB1000A9E255 /* MuvicaApp.swift */; };
		4AB5A2262A0BFB1000A9E255 /* RotophoneView.swift in Sources */ = {isa = PBXBuildFile; fileRef = 4AB5A2252A0BFB1000A9E255 /* RotophoneView.swift */; };
		4AB5A2282A0BFB1100A9E255 /* Assets.xcassets in Resources */ = {isa = PBXBuildFile; fileRef = 4AB5A2272A0BFB1100A9E255 /* Assets.xcassets */; };
		4AB5A2322A0BFE4A00A9E255 /* MotionDetector.swift in Sources */ = {isa = PBXBuildFile; fileRef = 4AB5A2312A0BFE4A00A9E255 /* MotionDetector.swift */; };
		4AB5A2342A0BFE6A00A9E255 /* ToneController.swift in Sources */ = {isa = PBXBuildFile; fileRef = 4AB5A2332A0BFE6A00A9E255 /* ToneController.swift */; };
		4AB5A2362A0BFE7B00A9E255 /* ToneOutputUnit.swift in Sources */ = {isa = PBXBuildFile; fileRef = 4AB5A2352A0BFE7B00A9E255 /* ToneOutputUnit.swift */; };
		4AFE8D102A17FE540023C7F7 /* ShakerRingView.swift in Sources */ = {isa = PBXBuildFile; fileRef = 4AFE8D0F2A17FE540023C7F7 /* ShakerRingView.swift */; };
/* End PBXBuildFile section */

/* Begin PBXFileReference section */
		4A6127802A0EB5EE00520BD9 /* ColorRingView.swift */ = {isa = PBXFileReference; lastKnownFileType = sourcecode.swift; path = ColorRingView.swift; sourceTree = "<group>"; };
		4A6127822A0EB72500520BD9 /* Control.swift */ = {isa = PBXFileReference; lastKnownFileType = sourcecode.swift; path = Control.swift; sourceTree = "<group>"; };
		4A6127842A0EBF3600520BD9 /* AppearanceSettingsView.swift */ = {isa = PBXFileReference; lastKnownFileType = sourcecode.swift; path = AppearanceSettingsView.swift; sourceTree = "<group>"; };
		4AACCE2F2A154A650034F261 /* ShakerView.swift */ = {isa = PBXFileReference; lastKnownFileType = sourcecode.swift; path = ShakerView.swift; sourceTree = "<group>"; };
		4AB5A2202A0BFB1000A9E255 /* Muvica.app */ = {isa = PBXFileReference; explicitFileType = wrapper.application; includeInIndex = 0; path = Muvica.app; sourceTree = BUILT_PRODUCTS_DIR; };
		4AB5A2232A0BFB1000A9E255 /* MuvicaApp.swift */ = {isa = PBXFileReference; lastKnownFileType = sourcecode.swift; path = MuvicaApp.swift; sourceTree = "<group>"; usesTabs = 1; };
		4AB5A2252A0BFB1000A9E255 /* RotophoneView.swift */ = {isa = PBXFileReference; lastKnownFileType = sourcecode.swift; path = RotophoneView.swift; sourceTree = "<group>"; usesTabs = 1; };
		4AB5A2272A0BFB1100A9E255 /* Assets.xcassets */ = {isa = PBXFileReference; lastKnownFileType = folder.assetcatalog; path = Assets.xcassets; sourceTree = "<group>"; };
		4AB5A2312A0BFE4A00A9E255 /* MotionDetector.swift */ = {isa = PBXFileReference; lastKnownFileType = sourcecode.swift; path = MotionDetector.swift; sourceTree = "<group>"; };
		4AB5A2332A0BFE6A00A9E255 /* ToneController.swift */ = {isa = PBXFileReference; lastKnownFileType = sourcecode.swift; path = ToneController.swift; sourceTree = "<group>"; };
		4AB5A2352A0BFE7B00A9E255 /* ToneOutputUnit.swift */ = {isa = PBXFileReference; lastKnownFileType = sourcecode.swift; path = ToneOutputUnit.swift; sourceTree = "<group>"; };
		4AFE8D0F2A17FE540023C7F7 /* ShakerRingView.swift */ = {isa = PBXFileReference; lastKnownFileType = sourcecode.swift; path = ShakerRingView.swift; sourceTree = "<group>"; };
/* End PBXFileReference section */

/* Begin PBXFrameworksBuildPhase section */
		4AB5A21D2A0BFB1000A9E255 /* Frameworks */ = {
			isa = PBXFrameworksBuildPhase;
			buildActionMask = 2147483647;
			files = (
			);
			runOnlyForDeploymentPostprocessing = 0;
		};
/* End PBXFrameworksBuildPhase section */

/* Begin PBXGroup section */
		4AB5A2172A0BFB1000A9E255 = {
			isa = PBXGroup;
			children = (
				4AB5A2222A0BFB1000A9E255 /* Muvica */,
				4AB5A2212A0BFB1000A9E255 /* Products */,
			);
			sourceTree = "<group>";
		};
		4AB5A2212A0BFB1000A9E255 /* Products */ = {
			isa = PBXGroup;
			children = (
				4AB5A2202A0BFB1000A9E255 /* Muvica.app */,
			);
			name = Products;
			sourceTree = "<group>";
		};
		4AB5A2222A0BFB1000A9E255 /* Muvica */ = {
			isa = PBXGroup;
			children = (
				4AB5A2232A0BFB1000A9E255 /* MuvicaApp.swift */,
				4AB5A2252A0BFB1000A9E255 /* RotophoneView.swift */,
				4AB5A2272A0BFB1100A9E255 /* Assets.xcassets */,
				4AB5A2312A0BFE4A00A9E255 /* MotionDetector.swift */,
				4AB5A2332A0BFE6A00A9E255 /* ToneController.swift */,
				4AB5A2352A0BFE7B00A9E255 /* ToneOutputUnit.swift */,
				4A6127802A0EB5EE00520BD9 /* ColorRingView.swift */,
				4A6127822A0EB72500520BD9 /* Control.swift */,
				4A6127842A0EBF3600520BD9 /* AppearanceSettingsView.swift */,
				4AACCE2F2A154A650034F261 /* ShakerView.swift */,
				4AFE8D0F2A17FE540023C7F7 /* ShakerRingView.swift */,
			);
			path = Muvica;
			sourceTree = "<group>";
		};
/* End PBXGroup section */

/* Begin PBXNativeTarget section */
		4AB5A21F2A0BFB1000A9E255 /* Muvica */ = {
			isa = PBXNativeTarget;
			buildConfigurationList = 4AB5A22E2A0BFB1100A9E255 /* Build configuration list for PBXNativeTarget "Muvica" */;
			buildPhases = (
				4AB5A21C2A0BFB1000A9E255 /* Sources */,
				4AB5A21D2A0BFB1000A9E255 /* Frameworks */,
				4AB5A21E2A0BFB1000A9E255 /* Resources */,
			);
			buildRules = (
			);
			dependencies = (
			);
			name = Muvica;
			productName = Muvica;
			productReference = 4AB5A2202A0BFB1000A9E255 /* Muvica.app */;
			productType = "com.apple.product-type.application";
		};
/* End PBXNativeTarget section */

/* Begin PBXProject section */
		4AB5A2182A0BFB1000A9E255 /* Project object */ = {
			isa = PBXProject;
			attributes = {
				BuildIndependentTargetsInParallel = 1;
				LastSwiftUpdateCheck = 1430;
				LastUpgradeCheck = 1430;
				TargetAttributes = {
					4AB5A21F2A0BFB1000A9E255 = {
						CreatedOnToolsVersion = 14.3;
					};
				};
			};
			buildConfigurationList = 4AB5A21B2A0BFB1000A9E255 /* Build configuration list for PBXProject "Muvica" */;
			compatibilityVersion = "Xcode 14.0";
			developmentRegion = en;
			hasScannedForEncodings = 0;
			knownRegions = (
				en,
				Base,
			);
			mainGroup = 4AB5A2172A0BFB1000A9E255;
			productRefGroup = 4AB5A2212A0BFB1000A9E255 /* Products */;
			projectDirPath = "";
			projectRoot = "";
			targets = (
				4AB5A21F2A0BFB1000A9E255 /* Muvica */,
			);
		};
/* End PBXProject section */

/* Begin PBXResourcesBuildPhase section */
		4AB5A21E2A0BFB1000A9E255 /* Resources */ = {
			isa = PBXResourcesBuildPhase;
			buildActionMask = 2147483647;
			files = (
				4AB5A2282A0BFB1100A9E255 /* Assets.xcassets in Resources */,
			);
			runOnlyForDeploymentPostprocessing = 0;
		};
/* End PBXResourcesBuildPhase section */

/* Begin PBXSourcesBuildPhase section */
		4AB5A21C2A0BFB1000A9E255 /* Sources */ = {
			isa = PBXSourcesBuildPhase;
			buildActionMask = 2147483647;
			files = (
				4AFE8D102A17FE540023C7F7 /* ShakerRingView.swift in Sources */,
				4AB5A2262A0BFB1000A9E255 /* RotophoneView.swift in Sources */,
				4AB5A2342A0BFE6A00A9E255 /* ToneController.swift in Sources */,
				4AB5A2242A0BFB1000A9E255 /* MuvicaApp.swift in Sources */,
				4AACCE302A154A650034F261 /* ShakerView.swift in Sources */,
				4A6127852A0EBF3600520BD9 /* AppearanceSettingsView.swift in Sources */,
				4AB5A2322A0BFE4A00A9E255 /* MotionDetector.swift in Sources */,
				4A6127832A0EB72500520BD9 /* Control.swift in Sources */,
				4A6127812A0EB5EE00520BD9 /* ColorRingView.swift in Sources */,
				4AB5A2362A0BFE7B00A9E255 /* ToneOutputUnit.swift in Sources */,
			);
			runOnlyForDeploymentPostprocessing = 0;
		};
/* End PBXSourcesBuildPhase section */

/* Begin XCBuildConfiguration section */
		4AB5A22C2A0BFB1100A9E255 /* Debug */ = {
			isa = XCBuildConfiguration;
			buildSettings = {
				ALWAYS_SEARCH_USER_PATHS = NO;
				CLANG_ANALYZER_NONNULL = YES;
				CLANG_ANALYZER_NUMBER_OBJECT_CONVERSION = YES_AGGRESSIVE;
				CLANG_CXX_LANGUAGE_STANDARD = "gnu++20";
				CLANG_ENABLE_MODULES = YES;
				CLANG_ENABLE_OBJC_ARC = YES;
				CLANG_ENABLE_OBJC_WEAK = YES;
				CLANG_WARN_BLOCK_CAPTURE_AUTORELEASING = YES;
				CLANG_WARN_BOOL_CONVERSION = YES;
				CLANG_WARN_COMMA = YES;
				CLANG_WARN_CONSTANT_CONVERSION = YES;
				CLANG_WARN_DEPRECATED_OBJC_IMPLEMENTATIONS = YES;
				CLANG_WARN_DIRECT_OBJC_ISA_USAGE = YES_ERROR;
				CLANG_WARN_DOCUMENTATION_COMMENTS = YES;
				CLANG_WARN_EMPTY_BODY = YES;
				CLANG_WARN_ENUM_CONVERSION = YES;
				CLANG_WARN_INFINITE_RECURSION = YES;
				CLANG_WARN_INT_CONVERSION = YES;
				CLANG_WARN_NON_LITERAL_NULL_CONVERSION = YES;
				CLANG_WARN_OBJC_IMPLICIT_RETAIN_SELF = YES;
				CLANG_WARN_OBJC_LITERAL_CONVERSION = YES;
				CLANG_WARN_OBJC_ROOT_CLASS = YES_ERROR;
				CLANG_WARN_QUOTED_INCLUDE_IN_FRAMEWORK_HEADER = YES;
				CLANG_WARN_RANGE_LOOP_ANALYSIS = YES;
				CLANG_WARN_STRICT_PROTOTYPES = YES;
				CLANG_WARN_SUSPICIOUS_MOVE = YES;
				CLANG_WARN_UNGUARDED_AVAILABILITY = YES_AGGRESSIVE;
				CLANG_WARN_UNREACHABLE_CODE = YES;
				CLANG_WARN__DUPLICATE_METHOD_MATCH = YES;
				COPY_PHASE_STRIP = NO;
				DEBUG_INFORMATION_FORMAT = dwarf;
				ENABLE_STRICT_OBJC_MSGSEND = YES;
				ENABLE_TESTABILITY = YES;
				GCC_C_LANGUAGE_STANDARD = gnu11;
				GCC_DYNAMIC_NO_PIC = NO;
				GCC_NO_COMMON_BLOCKS = YES;
				GCC_OPTIMIZATION_LEVEL = 0;
				GCC_PREPROCESSOR_DEFINITIONS = (
					"DEBUG=1",
					"$(inherited)",
				);
				GCC_WARN_64_TO_32_BIT_CONVERSION = YES;
				GCC_WARN_ABOUT_RETURN_TYPE = YES_ERROR;
				GCC_WARN_UNDECLARED_SELECTOR = YES;
				GCC_WARN_UNINITIALIZED_AUTOS = YES_AGGRESSIVE;
				GCC_WARN_UNUSED_FUNCTION = YES;
				GCC_WARN_UNUSED_VARIABLE = YES;
				IPHONEOS_DEPLOYMENT_TARGET = 16.4;
				MTL_ENABLE_DEBUG_INFO = INCLUDE_SOURCE;
				MTL_FAST_MATH = YES;
				ONLY_ACTIVE_ARCH = YES;
				SDKROOT = iphoneos;
				SWIFT_ACTIVE_COMPILATION_CONDITIONS = DEBUG;
				SWIFT_OPTIMIZATION_LEVEL = "-Onone";
			};
			name = Debug;
		};
		4AB5A22D2A0BFB1100A9E255 /* Release */ = {
			isa = XCBuildConfiguration;
			buildSettings = {
				ALWAYS_SEARCH_USER_PATHS = NO;
				CLANG_ANALYZER_NONNULL = YES;
				CLANG_ANALYZER_NUMBER_OBJECT_CONVERSION = YES_AGGRESSIVE;
				CLANG_CXX_LANGUAGE_STANDARD = "gnu++20";
				CLANG_ENABLE_MODULES = YES;
				CLANG_ENABLE_OBJC_ARC = YES;
				CLANG_ENABLE_OBJC_WEAK = YES;
				CLANG_WARN_BLOCK_CAPTURE_AUTORELEASING = YES;
				CLANG_WARN_BOOL_CONVERSION = YES;
				CLANG_WARN_COMMA = YES;
				CLANG_WARN_CONSTANT_CONVERSION = YES;
				CLANG_WARN_DEPRECATED_OBJC_IMPLEMENTATIONS = YES;
				CLANG_WARN_DIRECT_OBJC_ISA_USAGE = YES_ERROR;
				CLANG_WARN_DOCUMENTATION_COMMENTS = YES;
				CLANG_WARN_EMPTY_BODY = YES;
				CLANG_WARN_ENUM_CONVERSION = YES;
				CLANG_WARN_INFINITE_RECURSION = YES;
				CLANG_WARN_INT_CONVERSION = YES;
				CLANG_WARN_NON_LITERAL_NULL_CONVERSION = YES;
				CLANG_WARN_OBJC_IMPLICIT_RETAIN_SELF = YES;
				CLANG_WARN_OBJC_LITERAL_CONVERSION = YES;
				CLANG_WARN_OBJC_ROOT_CLASS = YES_ERROR;
				CLANG_WARN_QUOTED_INCLUDE_IN_FRAMEWORK_HEADER = YES;
				CLANG_WARN_RANGE_LOOP_ANALYSIS = YES;
				CLANG_WARN_STRICT_PROTOTYPES = YES;
				CLANG_WARN_SUSPICIOUS_MOVE = YES;
				CLANG_WARN_UNGUARDED_AVAILABILITY = YES_AGGRESSIVE;
				CLANG_WARN_UNREACHABLE_CODE = YES;
				CLANG_WARN__DUPLICATE_METHOD_MATCH = YES;
				COPY_PHASE_STRIP = NO;
				DEBUG_INFORMATION_FORMAT = "dwarf-with-dsym";
				ENABLE_NS_ASSERTIONS = NO;
				ENABLE_STRICT_OBJC_MSGSEND = YES;
				GCC_C_LANGUAGE_STANDARD = gnu11;
				GCC_NO_COMMON_BLOCKS = YES;
				GCC_WARN_64_TO_32_BIT_CONVERSION = YES;
				GCC_WARN_ABOUT_RETURN_TYPE = YES_ERROR;
				GCC_WARN_UNDECLARED_SELECTOR = YES;
				GCC_WARN_UNINITIALIZED_AUTOS = YES_AGGRESSIVE;
				GCC_WARN_UNUSED_FUNCTION = YES;
				GCC_WARN_UNUSED_VARIABLE = YES;
				IPHONEOS_DEPLOYMENT_TARGET = 16.4;
				MTL_ENABLE_DEBUG_INFO = NO;
				MTL_FAST_MATH = YES;
				SDKROOT = iphoneos;
				SWIFT_COMPILATION_MODE = wholemodule;
				SWIFT_OPTIMIZATION_LEVEL = "-O";
				VALIDATE_PRODUCT = YES;
			};
			name = Release;
		};
		4AB5A22F2A0BFB1100A9E255 /* Debug */ = {
			isa = XCBuildConfiguration;
			buildSettings = {
				ASSETCATALOG_COMPILER_APPICON_NAME = AppIcon;
				ASSETCATALOG_COMPILER_GLOBAL_ACCENT_COLOR_NAME = AccentColor;
				CODE_SIGN_STYLE = Automatic;
				CURRENT_PROJECT_VERSION = 1;
				DEVELOPMENT_ASSET_PATHS = "\"Muvica/Preview Content\"";
				DEVELOPMENT_TEAM = 2KFLLK6YV2;
				ENABLE_PREVIEWS = YES;
				GENERATE_INFOPLIST_FILE = YES;
				INFOPLIST_KEY_UIApplicationSceneManifest_Generation = YES;
				INFOPLIST_KEY_UIApplicationSupportsIndirectInputEvents = YES;
				INFOPLIST_KEY_UILaunchScreen_Generation = YES;
				INFOPLIST_KEY_UISupportedInterfaceOrientations_iPad = "UIInterfaceOrientationPortrait UIInterfaceOrientationPortraitUpsideDown UIInterfaceOrientationLandscapeLeft UIInterfaceOrientationLandscapeRight";
				INFOPLIST_KEY_UISupportedInterfaceOrientations_iPhone = "UIInterfaceOrientationPortrait UIInterfaceOrientationLandscapeLeft UIInterfaceOrientationLandscapeRight";
				LD_RUNPATH_SEARCH_PATHS = (
					"$(inherited)",
					"@executable_path/Frameworks",
				);
				MARKETING_VERSION = 1.0;
				PRODUCT_BUNDLE_IDENTIFIER = io.github.martendo.Muvica;
				PRODUCT_NAME = "$(TARGET_NAME)";
				SWIFT_EMIT_LOC_STRINGS = YES;
				SWIFT_VERSION = 5.0;
				TARGETED_DEVICE_FAMILY = "1,2";
			};
			name = Debug;
		};
		4AB5A2302A0BFB1100A9E255 /* Release */ = {
			isa = XCBuildConfiguration;
			buildSettings = {
				ASSETCATALOG_COMPILER_APPICON_NAME = AppIcon;
				ASSETCATALOG_COMPILER_GLOBAL_ACCENT_COLOR_NAME = AccentColor;
				CODE_SIGN_STYLE = Automatic;
				CURRENT_PROJECT_VERSION = 1;
				DEVELOPMENT_ASSET_PATHS = "\"Muvica/Preview Content\"";
				DEVELOPMENT_TEAM = 2KFLLK6YV2;
				ENABLE_PREVIEWS = YES;
				GENERATE_INFOPLIST_FILE = YES;
				INFOPLIST_KEY_UIApplicationSceneManifest_Generation = YES;
				INFOPLIST_KEY_UIApplicationSupportsIndirectInputEvents = YES;
				INFOPLIST_KEY_UILaunchScreen_Generation = YES;
				INFOPLIST_KEY_UISupportedInterfaceOrientations_iPad = "UIInterfaceOrientationPortrait UIInterfaceOrientationPortraitUpsideDown UIInterfaceOrientationLandscapeLeft UIInterfaceOrientationLandscapeRight";
				INFOPLIST_KEY_UISupportedInterfaceOrientations_iPhone = "UIInterfaceOrientationPortrait UIInterfaceOrientationLandscapeLeft UIInterfaceOrientationLandscapeRight";
				LD_RUNPATH_SEARCH_PATHS = (
					"$(inherited)",
					"@executable_path/Frameworks",
				);
				MARKETING_VERSION = 1.0;
				PRODUCT_BUNDLE_IDENTIFIER = io.github.martendo.Muvica;
				PRODUCT_NAME = "$(TARGET_NAME)";
				SWIFT_EMIT_LOC_STRINGS = YES;
				SWIFT_VERSION = 5.0;
				TARGETED_DEVICE_FAMILY = "1,2";
			};
			name = Release;
		};
/* End XCBuildConfiguration section */

/* Begin XCConfigurationList section */
		4AB5A21B2A0BFB1000A9E255 /* Build configuration list for PBXProject "Muvica" */ = {
			isa = XCConfigurationList;
			buildConfigurations = (
				4AB5A22C2A0BFB1100A9E255 /* Debug */,
				4AB5A22D2A0BFB1100A9E255 /* Release */,
			);
			defaultConfigurationIsVisible = 0;
			defaultConfigurationName = Release;
		};
		4AB5A22E2A0BFB1100A9E255 /* Build configuration list for PBXNativeTarget "Muvica" */ = {
			isa = XCConfigurationList;
			buildConfigurations = (
				4AB5A22F2A0BFB1100A9E255 /* Debug */,
				4AB5A2302A0BFB1100A9E255 /* Release */,
			);
			defaultConfigurationIsVisible = 0;
			defaultConfigurationName = Release;
		};
/* End XCConfigurationList section */
	};
	rootObject = 4AB5A2182A0BFB1000A9E255 /* Project object */;
}
